
Microsoft Visual Studio Solution File, Format Version 12.00
# Visual Studio Version 17
VisualStudioVersion = 17.9.34723.18
MinimumVisualStudioVersion = 10.0.40219.1
Project("{FAE04EC0-301F-11D3-BF4B-00C04F79EFBC}") = "ObjectPropertyPruner.Tests", "ObjectPropertyPruner.Tests\ObjectPropertyPruner.Tests.csproj", "{2FB76E41-19FC-468A-B484-6003B24E41DA}"
EndProject
Global
	GlobalSection(SolutionConfigurationPlatforms) = preSolution
		Debug|Any CPU = Debug|Any CPU
		Release|Any CPU = Release|Any CPU
	EndGlobalSection
	GlobalSection(ProjectConfigurationPlatforms) = postSolution
		{2FB76E41-19FC-468A-B484-6003B24E41DA}.Debug|Any CPU.ActiveCfg = Debug|Any CPU
		{2FB76E41-19FC-468A-B484-6003B24E41DA}.Debug|Any CPU.Build.0 = Debug|Any CPU
		{2FB76E41-19FC-468A-B484-6003B24E41DA}.Release|Any CPU.ActiveCfg = Release|Any CPU
		{2FB76E41-19FC-468A-B484-6003B24E41DA}.Release|Any CPU.Build.0 = Release|Any CPU
	EndGlobalSection
	GlobalSection(SolutionProperties) = preSolution
		HideSolutionNode = FALSE
	EndGlobalSection
	GlobalSection(ExtensibilityGlobals) = postSolution
		SolutionGuid = {ED682D18-A250-436B-B862-B0176876D4F6}
	EndGlobalSection
EndGlobal
